
Microsoft Visual Studio Solution File, Format Version 12.00
# Visual Studio 15
VisualStudioVersion = 15.0.27428.2027
MinimumVisualStudioVersion = 10.0.40219.1
Project("{8BC9CEB8-8B4A-11D0-8D11-00A0C91BC942}") = "1.Basic_Declarations", "Cprogramming_exercise\Cprogramming_exercise.vcxproj", "{E0FFFD4E-3B09-439E-A2F5-D5374641578A}"
EndProject
Project("{8BC9CEB8-8B4A-11D0-8D11-00A0C91BC942}") = "2.Variable_Types", "Variable_Types\Variable_Types.vcxproj", "{B1FDEF51-1917-4EDE-A651-EB0BBA751651}"
EndProject
Project("{8BC9CEB8-8B4A-11D0-8D11-00A0C91BC942}") = "3.Input_Output", "Input_Output\Input_Output.vcxproj", "{23D47F83-5F97-47F8-8A53-A6CAC9728A67}"
EndProject
Project("{8BC9CEB8-8B4A-11D0-8D11-00A0C91BC942}") = "4.Conditional_Statements", "4.Conditional_Statements\4.Conditional_Statements.vcxproj", "{251C2E84-D479-4CBF-BFFE-D9B08A2FFCBC}"
EndProject
Project("{8BC9CEB8-8B4A-11D0-8D11-00A0C91BC942}") = "0.Validators", "0.Validators\0.Validators.vcxproj", "{ACFD4CDE-B111-4C92-82AC-EA9A405A176F}"
EndProject
Project("{8BC9CEB8-8B4A-11D0-8D11-00A0C91BC942}") = "5.5.For_Loops", "5.5.Iterations\5.5.For_Loops.vcxproj", "{F148E8F4-F058-43A4-B916-63B7E966F3A5}"
EndProject
Project("{8BC9CEB8-8B4A-11D0-8D11-00A0C91BC942}") = "6.Searching_and_Sorting_Algorithms", "6.Searching_and_Sorting_Algorithms\6.Searching_and_Sorting_Algorithms.vcxproj", "{A7E543D0-FD6F-4414-9D74-5C5AC5553A13}"
EndProject
Project("{8BC9CEB8-8B4A-11D0-8D11-00A0C91BC942}") = "7.Arrays", "7.Arrays\7.Arrays.vcxproj", "{4A56EE33-C58F-4793-9C81-DBD70B449B6D}"
EndProject
Project("{8BC9CEB8-8B4A-11D0-8D11-00A0C91BC942}") = "8.Pointers", "8.Pointers\8.Pointers.vcxproj", "{94A7E197-F5D1-4469-9A03-1E28F53C6D6F}"
EndProject
Project("{8BC9CEB8-8B4A-11D0-8D11-00A0C91BC942}") = "9.Numbers", "9.Numbers.c\9.Numbers.c.vcxproj", "{A090AEB6-8A63-49BA-A239-D4C7DDA58AB6}"
EndProject
Project("{8BC9CEB8-8B4A-11D0-8D11-00A0C91BC942}") = "9.1Strings_s", "10.Strings_s\10.Strings_s.vcxproj", "{D6132778-23BF-49DD-99FF-E2BB46CF68E3}"
EndProject
Project("{8BC9CEB8-8B4A-11D0-8D11-00A0C91BC942}") = "10.Time", "10.Time\10.Time.vcxproj", "{D62EC9E2-4DBA-47EC-A002-FD73D13DF334}"
EndProject
Project("{8BC9CEB8-8B4A-11D0-8D11-00A0C91BC942}") = "11.Functions", "11.Functions\11.Functions.vcxproj", "{9978C7E5-F8E3-44BE-80E1-EDB8A360A99C}"
EndProject
Project("{8BC9CEB8-8B4A-11D0-8D11-00A0C91BC942}") = "12.Recursion", "12.Recursion\12.Recursion.vcxproj", "{CFD57445-4462-4513-B006-C498DAB095BD}"
EndProject
Project("{8BC9CEB8-8B4A-11D0-8D11-00A0C91BC942}") = "13.File_Handling", "13.File_Handling.c\13.File_Handling.c.vcxproj", "{A9A30772-C2CB-4C79-ABA7-2BCF017EC7D9}"
EndProject
Project("{8BC9CEB8-8B4A-11D0-8D11-00A0C91BC942}") = "C_programming_Final_Program", "C_programming_Final_Program\C_programming_Final_Program.vcxproj", "{2937C3A3-98A1-4FCB-A8FD-6B800A3792DA}"
EndProject
Global
	GlobalSection(SolutionConfigurationPlatforms) = preSolution
		Debug|x64 = Debug|x64
		Debug|x86 = Debug|x86
		Release|x64 = Release|x64
		Release|x86 = Release|x86
	EndGlobalSection
	GlobalSection(ProjectConfigurationPlatforms) = postSolution
		{E0FFFD4E-3B09-439E-A2F5-D5374641578A}.Debug|x64.ActiveCfg = Debug|x64
		{E0FFFD4E-3B09-439E-A2F5-D5374641578A}.Debug|x64.Build.0 = Debug|x64
		{E0FFFD4E-3B09-439E-A2F5-D5374641578A}.Debug|x86.ActiveCfg = Debug|Win32
		{E0FFFD4E-3B09-439E-A2F5-D5374641578A}.Debug|x86.Build.0 = Debug|Win32
		{E0FFFD4E-3B09-439E-A2F5-D5374641578A}.Release|x64.ActiveCfg = Release|x64
		{E0FFFD4E-3B09-439E-A2F5-D5374641578A}.Release|x64.Build.0 = Release|x64
		{E0FFFD4E-3B09-439E-A2F5-D5374641578A}.Release|x86.ActiveCfg = Release|Win32
		{E0FFFD4E-3B09-439E-A2F5-D5374641578A}.Release|x86.Build.0 = Release|Win32
		{B1FDEF51-1917-4EDE-A651-EB0BBA751651}.Debug|x64.ActiveCfg = Debug|x64
		{B1FDEF51-1917-4EDE-A651-EB0BBA751651}.Debug|x64.Build.0 = Debug|x64
		{B1FDEF51-1917-4EDE-A651-EB0BBA751651}.Debug|x86.ActiveCfg = Debug|Win32
		{B1FDEF51-1917-4EDE-A651-EB0BBA751651}.Debug|x86.Build.0 = Debug|Win32
		{B1FDEF51-1917-4EDE-A651-EB0BBA751651}.Release|x64.ActiveCfg = Release|x64
		{B1FDEF51-1917-4EDE-A651-EB0BBA751651}.Release|x64.Build.0 = Release|x64
		{B1FDEF51-1917-4EDE-A651-EB0BBA751651}.Release|x86.ActiveCfg = Release|Win32
		{B1FDEF51-1917-4EDE-A651-EB0BBA751651}.Release|x86.Build.0 = Release|Win32
		{23D47F83-5F97-47F8-8A53-A6CAC9728A67}.Debug|x64.ActiveCfg = Debug|x64
		{23D47F83-5F97-47F8-8A53-A6CAC9728A67}.Debug|x64.Build.0 = Debug|x64
		{23D47F83-5F97-47F8-8A53-A6CAC9728A67}.Debug|x86.ActiveCfg = Debug|Win32
		{23D47F83-5F97-47F8-8A53-A6CAC9728A67}.Debug|x86.Build.0 = Debug|Win32
		{23D47F83-5F97-47F8-8A53-A6CAC9728A67}.Release|x64.ActiveCfg = Release|x64
		{23D47F83-5F97-47F8-8A53-A6CAC9728A67}.Release|x64.Build.0 = Release|x64
		{23D47F83-5F97-47F8-8A53-A6CAC9728A67}.Release|x86.ActiveCfg = Release|Win32
		{23D47F83-5F97-47F8-8A53-A6CAC9728A67}.Release|x86.Build.0 = Release|Win32
		{251C2E84-D479-4CBF-BFFE-D9B08A2FFCBC}.Debug|x64.ActiveCfg = Debug|x64
		{251C2E84-D479-4CBF-BFFE-D9B08A2FFCBC}.Debug|x64.Build.0 = Debug|x64
		{251C2E84-D479-4CBF-BFFE-D9B08A2FFCBC}.Debug|x86.ActiveCfg = Debug|Win32
		{251C2E84-D479-4CBF-BFFE-D9B08A2FFCBC}.Debug|x86.Build.0 = Debug|Win32
		{251C2E84-D479-4CBF-BFFE-D9B08A2FFCBC}.Release|x64.ActiveCfg = Release|x64
		{251C2E84-D479-4CBF-BFFE-D9B08A2FFCBC}.Release|x64.Build.0 = Release|x64
		{251C2E84-D479-4CBF-BFFE-D9B08A2FFCBC}.Release|x86.ActiveCfg = Release|Win32
		{251C2E84-D479-4CBF-BFFE-D9B08A2FFCBC}.Release|x86.Build.0 = Release|Win32
		{ACFD4CDE-B111-4C92-82AC-EA9A405A176F}.Debug|x64.ActiveCfg = Debug|x64
		{ACFD4CDE-B111-4C92-82AC-EA9A405A176F}.Debug|x64.Build.0 = Debug|x64
		{ACFD4CDE-B111-4C92-82AC-EA9A405A176F}.Debug|x86.ActiveCfg = Debug|Win32
		{ACFD4CDE-B111-4C92-82AC-EA9A405A176F}.Debug|x86.Build.0 = Debug|Win32
		{ACFD4CDE-B111-4C92-82AC-EA9A405A176F}.Release|x64.ActiveCfg = Release|x64
		{ACFD4CDE-B111-4C92-82AC-EA9A405A176F}.Release|x64.Build.0 = Release|x64
		{ACFD4CDE-B111-4C92-82AC-EA9A405A176F}.Release|x86.ActiveCfg = Release|Win32
		{ACFD4CDE-B111-4C92-82AC-EA9A405A176F}.Release|x86.Build.0 = Release|Win32
		{F148E8F4-F058-43A4-B916-63B7E966F3A5}.Debug|x64.ActiveCfg = Debug|x64
		{F148E8F4-F058-43A4-B916-63B7E966F3A5}.Debug|x64.Build.0 = Debug|x64
		{F148E8F4-F058-43A4-B916-63B7E966F3A5}.Debug|x86.ActiveCfg = Debug|Win32
		{F148E8F4-F058-43A4-B916-63B7E966F3A5}.Debug|x86.Build.0 = Debug|Win32
		{F148E8F4-F058-43A4-B916-63B7E966F3A5}.Release|x64.ActiveCfg = Release|x64
		{F148E8F4-F058-43A4-B916-63B7E966F3A5}.Release|x64.Build.0 = Release|x64
		{F148E8F4-F058-43A4-B916-63B7E966F3A5}.Release|x86.ActiveCfg = Release|Win32
		{F148E8F4-F058-43A4-B916-63B7E966F3A5}.Release|x86.Build.0 = Release|Win32
		{A7E543D0-FD6F-4414-9D74-5C5AC5553A13}.Debug|x64.ActiveCfg = Debug|x64
		{A7E543D0-FD6F-4414-9D74-5C5AC5553A13}.Debug|x64.Build.0 = Debug|x64
		{A7E543D0-FD6F-4414-9D74-5C5AC5553A13}.Debug|x86.ActiveCfg = Debug|Win32
		{A7E543D0-FD6F-4414-9D74-5C5AC5553A13}.Debug|x86.Build.0 = Debug|Win32
		{A7E543D0-FD6F-4414-9D74-5C5AC5553A13}.Release|x64.ActiveCfg = Release|x64
		{A7E543D0-FD6F-4414-9D74-5C5AC5553A13}.Release|x64.Build.0 = Release|x64
		{A7E543D0-FD6F-4414-9D74-5C5AC5553A13}.Release|x86.ActiveCfg = Release|Win32
		{A7E543D0-FD6F-4414-9D74-5C5AC5553A13}.Release|x86.Build.0 = Release|Win32
		{4A56EE33-C58F-4793-9C81-DBD70B449B6D}.Debug|x64.ActiveCfg = Debug|x64
		{4A56EE33-C58F-4793-9C81-DBD70B449B6D}.Debug|x64.Build.0 = Debug|x64
		{4A56EE33-C58F-4793-9C81-DBD70B449B6D}.Debug|x86.ActiveCfg = Debug|Win32
		{4A56EE33-C58F-4793-9C81-DBD70B449B6D}.Debug|x86.Build.0 = Debug|Win32
		{4A56EE33-C58F-4793-9C81-DBD70B449B6D}.Release|x64.ActiveCfg = Release|x64
		{4A56EE33-C58F-4793-9C81-DBD70B449B6D}.Release|x64.Build.0 = Release|x64
		{4A56EE33-C58F-4793-9C81-DBD70B449B6D}.Release|x86.ActiveCfg = Release|Win32
		{4A56EE33-C58F-4793-9C81-DBD70B449B6D}.Release|x86.Build.0 = Release|Win32
		{94A7E197-F5D1-4469-9A03-1E28F53C6D6F}.Debug|x64.ActiveCfg = Debug|x64
		{94A7E197-F5D1-4469-9A03-1E28F53C6D6F}.Debug|x64.Build.0 = Debug|x64
		{94A7E197-F5D1-4469-9A03-1E28F53C6D6F}.Debug|x86.ActiveCfg = Debug|Win32
		{94A7E197-F5D1-4469-9A03-1E28F53C6D6F}.Debug|x86.Build.0 = Debug|Win32
		{94A7E197-F5D1-4469-9A03-1E28F53C6D6F}.Release|x64.ActiveCfg = Release|x64
		{94A7E197-F5D1-4469-9A03-1E28F53C6D6F}.Release|x64.Build.0 = Release|x64
		{94A7E197-F5D1-4469-9A03-1E28F53C6D6F}.Release|x86.ActiveCfg = Release|Win32
		{94A7E197-F5D1-4469-9A03-1E28F53C6D6F}.Release|x86.Build.0 = Release|Win32
		{A090AEB6-8A63-49BA-A239-D4C7DDA58AB6}.Debug|x64.ActiveCfg = Debug|x64
		{A090AEB6-8A63-49BA-A239-D4C7DDA58AB6}.Debug|x64.Build.0 = Debug|x64
		{A090AEB6-8A63-49BA-A239-D4C7DDA58AB6}.Debug|x86.ActiveCfg = Debug|Win32
		{A090AEB6-8A63-49BA-A239-D4C7DDA58AB6}.Debug|x86.Build.0 = Debug|Win32
		{A090AEB6-8A63-49BA-A239-D4C7DDA58AB6}.Release|x64.ActiveCfg = Release|x64
		{A090AEB6-8A63-49BA-A239-D4C7DDA58AB6}.Release|x64.Build.0 = Release|x64
		{A090AEB6-8A63-49BA-A239-D4C7DDA58AB6}.Release|x86.ActiveCfg = Release|Win32
		{A090AEB6-8A63-49BA-A239-D4C7DDA58AB6}.Release|x86.Build.0 = Release|Win32
		{D6132778-23BF-49DD-99FF-E2BB46CF68E3}.Debug|x64.ActiveCfg = Debug|x64
		{D6132778-23BF-49DD-99FF-E2BB46CF68E3}.Debug|x64.Build.0 = Debug|x64
		{D6132778-23BF-49DD-99FF-E2BB46CF68E3}.Debug|x86.ActiveCfg = Debug|Win32
		{D6132778-23BF-49DD-99FF-E2BB46CF68E3}.Debug|x86.Build.0 = Debug|Win32
		{D6132778-23BF-49DD-99FF-E2BB46CF68E3}.Release|x64.ActiveCfg = Release|x64
		{D6132778-23BF-49DD-99FF-E2BB46CF68E3}.Release|x64.Build.0 = Release|x64
		{D6132778-23BF-49DD-99FF-E2BB46CF68E3}.Release|x86.ActiveCfg = Release|Win32
		{D6132778-23BF-49DD-99FF-E2BB46CF68E3}.Release|x86.Build.0 = Release|Win32
		{D62EC9E2-4DBA-47EC-A002-FD73D13DF334}.Debug|x64.ActiveCfg = Debug|x64
		{D62EC9E2-4DBA-47EC-A002-FD73D13DF334}.Debug|x64.Build.0 = Debug|x64
		{D62EC9E2-4DBA-47EC-A002-FD73D13DF334}.Debug|x86.ActiveCfg = Debug|Win32
		{D62EC9E2-4DBA-47EC-A002-FD73D13DF334}.Debug|x86.Build.0 = Debug|Win32
		{D62EC9E2-4DBA-47EC-A002-FD73D13DF334}.Release|x64.ActiveCfg = Release|x64
		{D62EC9E2-4DBA-47EC-A002-FD73D13DF334}.Release|x64.Build.0 = Release|x64
		{D62EC9E2-4DBA-47EC-A002-FD73D13DF334}.Release|x86.ActiveCfg = Release|Win32
		{D62EC9E2-4DBA-47EC-A002-FD73D13DF334}.Release|x86.Build.0 = Release|Win32
		{9978C7E5-F8E3-44BE-80E1-EDB8A360A99C}.Debug|x64.ActiveCfg = Debug|x64
		{9978C7E5-F8E3-44BE-80E1-EDB8A360A99C}.Debug|x64.Build.0 = Debug|x64
		{9978C7E5-F8E3-44BE-80E1-EDB8A360A99C}.Debug|x86.ActiveCfg = Debug|Win32
		{9978C7E5-F8E3-44BE-80E1-EDB8A360A99C}.Debug|x86.Build.0 = Debug|Win32
		{9978C7E5-F8E3-44BE-80E1-EDB8A360A99C}.Release|x64.ActiveCfg = Release|x64
		{9978C7E5-F8E3-44BE-80E1-EDB8A360A99C}.Release|x64.Build.0 = Release|x64
		{9978C7E5-F8E3-44BE-80E1-EDB8A360A99C}.Release|x86.ActiveCfg = Release|Win32
		{9978C7E5-F8E3-44BE-80E1-EDB8A360A99C}.Release|x86.Build.0 = Release|Win32
		{CFD57445-4462-4513-B006-C498DAB095BD}.Debug|x64.ActiveCfg = Debug|x64
		{CFD57445-4462-4513-B006-C498DAB095BD}.Debug|x64.Build.0 = Debug|x64
		{CFD57445-4462-4513-B006-C498DAB095BD}.Debug|x86.ActiveCfg = Debug|Win32
		{CFD57445-4462-4513-B006-C498DAB095BD}.Debug|x86.Build.0 = Debug|Win32
		{CFD57445-4462-4513-B006-C498DAB095BD}.Release|x64.ActiveCfg = Release|x64
		{CFD57445-4462-4513-B006-C498DAB095BD}.Release|x64.Build.0 = Release|x64
		{CFD57445-4462-4513-B006-C498DAB095BD}.Release|x86.ActiveCfg = Release|Win32
		{CFD57445-4462-4513-B006-C498DAB095BD}.Release|x86.Build.0 = Release|Win32
		{A9A30772-C2CB-4C79-ABA7-2BCF017EC7D9}.Debug|x64.ActiveCfg = Debug|x64
		{A9A30772-C2CB-4C79-ABA7-2BCF017EC7D9}.Debug|x64.Build.0 = Debug|x64
		{A9A30772-C2CB-4C79-ABA7-2BCF017EC7D9}.Debug|x86.ActiveCfg = Debug|Win32
		{A9A30772-C2CB-4C79-ABA7-2BCF017EC7D9}.Debug|x86.Build.0 = Debug|Win32
		{A9A30772-C2CB-4C79-ABA7-2BCF017EC7D9}.Release|x64.ActiveCfg = Release|x64
		{A9A30772-C2CB-4C79-ABA7-2BCF017EC7D9}.Release|x64.Build.0 = Release|x64
		{A9A30772-C2CB-4C79-ABA7-2BCF017EC7D9}.Release|x86.ActiveCfg = Release|Win32
		{A9A30772-C2CB-4C79-ABA7-2BCF017EC7D9}.Release|x86.Build.0 = Release|Win32
		{2937C3A3-98A1-4FCB-A8FD-6B800A3792DA}.Debug|x64.ActiveCfg = Debug|x64
		{2937C3A3-98A1-4FCB-A8FD-6B800A3792DA}.Debug|x64.Build.0 = Debug|x64
		{2937C3A3-98A1-4FCB-A8FD-6B800A3792DA}.Debug|x86.ActiveCfg = Debug|Win32
		{2937C3A3-98A1-4FCB-A8FD-6B800A3792DA}.Debug|x86.Build.0 = Debug|Win32
		{2937C3A3-98A1-4FCB-A8FD-6B800A3792DA}.Release|x64.ActiveCfg = Release|x64
		{2937C3A3-98A1-4FCB-A8FD-6B800A3792DA}.Release|x64.Build.0 = Release|x64
		{2937C3A3-98A1-4FCB-A8FD-6B800A3792DA}.Release|x86.ActiveCfg = Release|Win32
		{2937C3A3-98A1-4FCB-A8FD-6B800A3792DA}.Release|x86.Build.0 = Release|Win32
	EndGlobalSection
	GlobalSection(SolutionProperties) = preSolution
		HideSolutionNode = FALSE
	EndGlobalSection
	GlobalSection(ExtensibilityGlobals) = postSolution
		SolutionGuid = {02FEDDE4-1C51-4691-AFA0-67279E79AAB4}
	EndGlobalSection
EndGlobal
